
Microsoft Visual Studio Solution File, Format Version 12.00
# Visual Studio 15
VisualStudioVersion = 15.0.27428.2037
MinimumVisualStudioVersion = 10.0.40219.1
Project("{FAE04EC0-301F-11D3-BF4B-00C04F79EFBC}") = "MVC_4_ActionResult_Type", "MVC_4_ActionResult_Type\MVC_4_ActionResult_Type.csproj", "{878876D6-4EFB-43CD-ADCA-C09BDC292694}"
EndProject
Global
	GlobalSection(SolutionConfigurationPlatforms) = preSolution
		Debug|Any CPU = Debug|Any CPU
		Release|Any CPU = Release|Any CPU
	EndGlobalSection
	GlobalSection(ProjectConfigurationPlatforms) = postSolution
		{878876D6-4EFB-43CD-ADCA-C09BDC292694}.Debug|Any CPU.ActiveCfg = Debug|Any CPU
		{878876D6-4EFB-43CD-ADCA-C09BDC292694}.Debug|Any CPU.Build.0 = Debug|Any CPU
		{878876D6-4EFB-43CD-ADCA-C09BDC292694}.Release|Any CPU.ActiveCfg = Release|Any CPU
		{878876D6-4EFB-43CD-ADCA-C09BDC292694}.Release|Any CPU.Build.0 = Release|Any CPU
	EndGlobalSection
	GlobalSection(SolutionProperties) = preSolution
		HideSolutionNode = FALSE
	EndGlobalSection
	GlobalSection(ExtensibilityGlobals) = postSolution
		SolutionGuid = {9E04CFA4-C59E-4BE6-8292-42C7FDF954E6}
	EndGlobalSection
EndGlobal
